// !$*UTF8*$!
{
	archiveVersion = 1;
	classes = {
	};
	objectVersion = 46;
	objects = {

/* Begin PBXBuildFile section */
		01A3B1981E330897009B0613 /* AppDelegate.swift in Sources */ = {isa = PBXBuildFile; fileRef = 01A3B1971E330897009B0613 /* AppDelegate.swift */; };
		01A3B19A1E330897009B0613 /* ViewController.swift in Sources */ = {isa = PBXBuildFile; fileRef = 01A3B1991E330897009B0613 /* ViewController.swift */; };
		01A3B19D1E330898009B0613 /* Main.storyboard in Resources */ = {isa = PBXBuildFile; fileRef = 01A3B19B1E330898009B0613 /* Main.storyboard */; };
		01A3B1A01E330898009B0613 /* PlayingWithiBecons.xcdatamodeld in Sources */ = {isa = PBXBuildFile; fileRef = 01A3B19E1E330898009B0613 /* PlayingWithiBecons.xcdatamodeld */; };
		01A3B1A21E330898009B0613 /* Assets.xcassets in Resources */ = {isa = PBXBuildFile; fileRef = 01A3B1A11E330898009B0613 /* Assets.xcassets */; };
		01A3B1A51E330898009B0613 /* LaunchScreen.storyboard in Resources */ = {isa = PBXBuildFile; fileRef = 01A3B1A31E330898009B0613 /* LaunchScreen.storyboard */; };
/* End PBXBuildFile section */

/* Begin PBXFileReference section */
		01A3B1941E330897009B0613 /* PlayingWithiBecons.app */ = {isa = PBXFileReference; explicitFileType = wrapper.application; includeInIndex = 0; path = PlayingWithiBecons.app; sourceTree = BUILT_PRODUCTS_DIR; };
		01A3B1971E330897009B0613 /* AppDelegate.swift */ = {isa = PBXFileReference; lastKnownFileType = sourcecode.swift; path = AppDelegate.swift; sourceTree = "<group>"; };
		01A3B1991E330897009B0613 /* ViewController.swift */ = {isa = PBXFileReference; lastKnownFileType = sourcecode.swift; path = ViewController.swift; sourceTree = "<group>"; };
		01A3B19C1E330898009B0613 /* Base */ = {isa = PBXFileReference; lastKnownFileType = file.storyboard; name = Base; path = Base.lproj/Main.storyboard; sourceTree = "<group>"; };
		01A3B19F1E330898009B0613 /* PlayingWithiBecons.xcdatamodel */ = {isa = PBXFileReference; lastKnownFileType = wrapper.xcdatamodel; path = PlayingWithiBecons.xcdatamodel; sourceTree = "<group>"; };
		01A3B1A11E330898009B0613 /* Assets.xcassets */ = {isa = PBXFileReference; lastKnownFileType = folder.assetcatalog; path = Assets.xcassets; sourceTree = "<group>"; };
		01A3B1A41E330898009B0613 /* Base */ = {isa = PBXFileReference; lastKnownFileType = file.storyboard; name = Base; path = Base.lproj/LaunchScreen.storyboard; sourceTree = "<group>"; };
		01A3B1A61E330899009B0613 /* Info.plist */ = {isa = PBXFileReference; lastKnownFileType = text.plist.xml; path = Info.plist; sourceTree = "<group>"; };
/* End PBXFileReference section */

/* Begin PBXFrameworksBuildPhase section */
		01A3B1911E330892009B0613 /* Frameworks */ = {
			isa = PBXFrameworksBuildPhase;
			buildActionMask = 2147483647;
			files = (
			);
			runOnlyForDeploymentPostprocessing = 0;
		};
/* End PBXFrameworksBuildPhase section */

/* Begin PBXGroup section */
		01A3B18B1E330891009B0613 = {
			isa = PBXGroup;
			children = (
				01A3B1961E330897009B0613 /* PlayingWithiBecons */,
				01A3B1951E330897009B0613 /* Products */,
			);
			sourceTree = "<group>";
		};
		01A3B1951E330897009B0613 /* Products */ = {
			isa = PBXGroup;
			children = (
				01A3B1941E330897009B0613 /* PlayingWithiBecons.app */,
			);
			name = Products;
			sourceTree = "<group>";
		};
		01A3B1961E330897009B0613 /* PlayingWithiBecons */ = {
			isa = PBXGroup;
			children = (
				01A3B1971E330897009B0613 /* AppDelegate.swift */,
				01A3B1991E330897009B0613 /* ViewController.swift */,
				01A3B19B1E330898009B0613 /* Main.storyboard */,
				01A3B1A11E330898009B0613 /* Assets.xcassets */,
				01A3B1A31E330898009B0613 /* LaunchScreen.storyboard */,
				01A3B1A61E330899009B0613 /* Info.plist */,
				01A3B19E1E330898009B0613 /* PlayingWithiBecons.xcdatamodeld */,
			);
			path = PlayingWithiBecons;
			sourceTree = "<group>";
		};
/* End PBXGroup section */

/* Begin PBXNativeTarget section */
		01A3B1931E330892009B0613 /* PlayingWithiBecons */ = {
			isa = PBXNativeTarget;
			buildConfigurationList = 01A3B1A91E330899009B0613 /* Build configuration list for PBXNativeTarget "PlayingWithiBecons" */;
			buildPhases = (
				01A3B1901E330892009B0613 /* Sources */,
				01A3B1911E330892009B0613 /* Frameworks */,
				01A3B1921E330892009B0613 /* Resources */,
			);
			buildRules = (
			);
			dependencies = (
			);
			name = PlayingWithiBecons;
			productName = PlayingWithiBecons;
			productReference = 01A3B1941E330897009B0613 /* PlayingWithiBecons.app */;
			productType = "com.apple.product-type.application";
		};
/* End PBXNativeTarget section */

/* Begin PBXProject section */
		01A3B18C1E330892009B0613 /* Project object */ = {
			isa = PBXProject;
			attributes = {
				LastSwiftUpdateCheck = 0820;
				LastUpgradeCheck = 0820;
				ORGANIZATIONNAME = FareedQ;
				TargetAttributes = {
					01A3B1931E330892009B0613 = {
						CreatedOnToolsVersion = 8.2.1;
						DevelopmentTeam = TWCD96G7AS;
						ProvisioningStyle = Automatic;
					};
				};
			};
			buildConfigurationList = 01A3B18F1E330892009B0613 /* Build configuration list for PBXProject "PlayingWithiBecons" */;
			compatibilityVersion = "Xcode 3.2";
			developmentRegion = English;
			hasScannedForEncodings = 0;
			knownRegions = (
				en,
				Base,
			);
			mainGroup = 01A3B18B1E330891009B0613;
			productRefGroup = 01A3B1951E330897009B0613 /* Products */;
			projectDirPath = "";
			projectRoot = "";
			targets = (
				01A3B1931E330892009B0613 /* PlayingWithiBecons */,
			);
		};
/* End PBXProject section */

/* Begin PBXResourcesBuildPhase section */
		01A3B1921E330892009B0613 /* Resources */ = {
			isa = PBXResourcesBuildPhase;
			buildActionMask = 2147483647;
			files = (
				01A3B1A51E330898009B0613 /* LaunchScreen.storyboard in Resources */,
				01A3B1A21E330898009B0613 /* Assets.xcassets in Resources */,
				01A3B19D1E330898009B0613 /* Main.storyboard in Resources */,
			);
			runOnlyForDeploymentPostprocessing = 0;
		};
/* End PBXResourcesBuildPhase section */

/* Begin PBXSourcesBuildPhase section */
		01A3B1901E330892009B0613 /* Sources */ = {
			isa = PBXSourcesBuildPhase;
			buildActionMask = 2147483647;
			files = (
				01A3B1A01E330898009B0613 /* PlayingWithiBecons.xcdatamodeld in Sources */,
				01A3B19A1E330897009B0613 /* ViewController.swift in Sources */,
				01A3B1981E330897009B0613 /* AppDelegate.swift in Sources */,
			);
			runOnlyForDeploymentPostprocessing = 0;
		};
/* End PBXSourcesBuildPhase section */

/* Begin PBXVariantGroup section */
		01A3B19B1E330898009B0613 /* Main.storyboard */ = {
			isa = PBXVariantGroup;
			children = (
				01A3B19C1E330898009B0613 /* Base */,
			);
			name = Main.storyboard;
			sourceTree = "<group>";
		};
		01A3B1A31E330898009B0613 /* LaunchScreen.storyboard */ = {
			isa = PBXVariantGroup;
			children = (
				01A3B1A41E330898009B0613 /* Base */,
			);
			name = LaunchScreen.storyboard;
			sourceTree = "<group>";
		};
/* End PBXVariantGroup section */

/* Begin XCBuildConfiguration section */
		01A3B1A71E330899009B0613 /* Debug */ = {
			isa = XCBuildConfiguration;
			buildSettings = {
				ALWAYS_SEARCH_USER_PATHS = NO;
				CLANG_ANALYZER_NONNULL = YES;
				CLANG_CXX_LANGUAGE_STANDARD = "gnu++0x";
				CLANG_CXX_LIBRARY = "libc++";
				CLANG_ENABLE_MODULES = YES;
				CLANG_ENABLE_OBJC_ARC = YES;
				CLANG_WARN_BOOL_CONVERSION = YES;
				CLANG_WARN_CONSTANT_CONVERSION = YES;
				CLANG_WARN_DIRECT_OBJC_ISA_USAGE = YES_ERROR;
				CLANG_WARN_DOCUMENTATION_COMMENTS = YES;
				CLANG_WARN_EMPTY_BODY = YES;
				CLANG_WARN_ENUM_CONVERSION = YES;
				CLANG_WARN_INFINITE_RECURSION = YES;
				CLANG_WARN_INT_CONVERSION = YES;
				CLANG_WARN_OBJC_ROOT_CLASS = YES_ERROR;
				CLANG_WARN_SUSPICIOUS_MOVE = YES;
				CLANG_WARN_UNREACHABLE_CODE = YES;
				CLANG_WARN__DUPLICATE_METHOD_MATCH = YES;
				"CODE_SIGN_IDENTITY[sdk=iphoneos*]" = "iPhone Developer";
				COPY_PHASE_STRIP = NO;
				DEBUG_INFORMATION_FORMAT = dwarf;
				ENABLE_STRICT_OBJC_MSGSEND = YES;
				ENABLE_TESTABILITY = YES;
				GCC_C_LANGUAGE_STANDARD = gnu99;
				GCC_DYNAMIC_NO_PIC = NO;
				GCC_NO_COMMON_BLOCKS = YES;
				GCC_OPTIMIZATION_LEVEL = 0;
				GCC_PREPROCESSOR_DEFINITIONS = (
					"DEBUG=1",
					"$(inherited)",
				);
				GCC_WARN_64_TO_32_BIT_CONVERSION = YES;
				GCC_WARN_ABOUT_RETURN_TYPE = YES_ERROR;
				GCC_WARN_UNDECLARED_SELECTOR = YES;
				GCC_WARN_UNINITIALIZED_AUTOS = YES_AGGRESSIVE;
				GCC_WARN_UNUSED_FUNCTION = YES;
				GCC_WARN_UNUSED_VARIABLE = YES;
				IPHONEOS_DEPLOYMENT_TARGET = 10.2;
				MTL_ENABLE_DEBUG_INFO = YES;
				ONLY_ACTIVE_ARCH = YES;
				SDKROOT = iphoneos;
				SWIFT_ACTIVE_COMPILATION_CONDITIONS = DEBUG;
				SWIFT_OPTIMIZATION_LEVEL = "-Onone";
			};
			name = Debug;
		};
		01A3B1A81E330899009B0613 /* Release */ = {
			isa = XCBuildConfiguration;
			buildSettings = {
				ALWAYS_SEARCH_USER_PATHS = NO;
				CLANG_ANALYZER_NONNULL = YES;
				CLANG_CXX_LANGUAGE_STANDARD = "gnu++0x";
				CLANG_CXX_LIBRARY = "libc++";
				CLANG_ENABLE_MODULES = YES;
				CLANG_ENABLE_OBJC_ARC = YES;
				CLANG_WARN_BOOL_CONVERSION = YES;
				CLANG_WARN_CONSTANT_CONVERSION = YES;
				CLANG_WARN_DIRECT_OBJC_ISA_USAGE = YES_ERROR;
				CLANG_WARN_DOCUMENTATION_COMMENTS = YES;
				CLANG_WARN_EMPTY_BODY = YES;
				CLANG_WARN_ENUM_CONVERSION = YES;
				CLANG_WARN_INFINITE_RECURSION = YES;
				CLANG_WARN_INT_CONVERSION = YES;
				CLANG_WARN_OBJC_ROOT_CLASS = YES_ERROR;
				CLANG_WARN_SUSPICIOUS_MOVE = YES;
				CLANG_WARN_UNREACHABLE_CODE = YES;
				CLANG_WARN__DUPLICATE_METHOD_MATCH = YES;
				"CODE_SIGN_IDENTITY[sdk=iphoneos*]" = "iPhone Developer";
				COPY_PHASE_STRIP = NO;
				DEBUG_INFORMATION_FORMAT = "dwarf-with-dsym";
				ENABLE_NS_ASSERTIONS = NO;
				ENABLE_STRICT_OBJC_MSGSEND = YES;
				GCC_C_LANGUAGE_STANDARD = gnu99;
				GCC_NO_COMMON_BLOCKS = YES;
				GCC_WARN_64_TO_32_BIT_CONVERSION = YES;
				GCC_WARN_ABOUT_RETURN_TYPE = YES_ERROR;
				GCC_WARN_UNDECLARED_SELECTOR = YES;
				GCC_WARN_UNINITIALIZED_AUTOS = YES_AGGRESSIVE;
				GCC_WARN_UNUSED_FUNCTION = YES;
				GCC_WARN_UNUSED_VARIABLE = YES;
				IPHONEOS_DEPLOYMENT_TARGET = 10.2;
				MTL_ENABLE_DEBUG_INFO = NO;
				SDKROOT = iphoneos;
				SWIFT_OPTIMIZATION_LEVEL = "-Owholemodule";
				VALIDATE_PRODUCT = YES;
			};
			name = Release;
		};
		01A3B1AA1E330899009B0613 /* Debug */ = {
			isa = XCBuildConfiguration;
			buildSettings = {
				ASSETCATALOG_COMPILER_APPICON_NAME = AppIcon;
				DEVELOPMENT_TEAM = TWCD96G7AS;
				INFOPLIST_FILE = PlayingWithiBecons/Info.plist;
				LD_RUNPATH_SEARCH_PATHS = "$(inherited) @executable_path/Frameworks";
				PRODUCT_BUNDLE_IDENTIFIER = FareedQ.PlayingWithiBecons;
				PRODUCT_NAME = "$(TARGET_NAME)";
				SWIFT_VERSION = 3.0;
			};
			name = Debug;
		};
		01A3B1AB1E330899009B0613 /* Release */ = {
			isa = XCBuildConfiguration;
			buildSettings = {
				ASSETCATALOG_COMPILER_APPICON_NAME = AppIcon;
				DEVELOPMENT_TEAM = TWCD96G7AS;
				INFOPLIST_FILE = PlayingWithiBecons/Info.plist;
				LD_RUNPATH_SEARCH_PATHS = "$(inherited) @executable_path/Frameworks";
				PRODUCT_BUNDLE_IDENTIFIER = FareedQ.PlayingWithiBecons;
				PRODUCT_NAME = "$(TARGET_NAME)";
				SWIFT_VERSION = 3.0;
			};
			name = Release;
		};
/* End XCBuildConfiguration section */

/* Begin XCConfigurationList section */
		01A3B18F1E330892009B0613 /* Build configuration list for PBXProject "PlayingWithiBecons" */ = {
			isa = XCConfigurationList;
			buildConfigurations = (
				01A3B1A71E330899009B0613 /* Debug */,
				01A3B1A81E330899009B0613 /* Release */,
			);
			defaultConfigurationIsVisible = 0;
			defaultConfigurationName = Release;
		};
		01A3B1A91E330899009B0613 /* Build configuration list for PBXNativeTarget "PlayingWithiBecons" */ = {
			isa = XCConfigurationList;
			buildConfigurations = (
				01A3B1AA1E330899009B0613 /* Debug */,
				01A3B1AB1E330899009B0613 /* Release */,
			);
			defaultConfigurationIsVisible = 0;
		};
/* End XCConfigurationList section */

/* Begin XCVersionGroup section */
		01A3B19E1E330898009B0613 /* PlayingWithiBecons.xcdatamodeld */ = {
			isa = XCVersionGroup;
			children = (
				01A3B19F1E330898009B0613 /* PlayingWithiBecons.xcdatamodel */,
			);
			currentVersion = 01A3B19F1E330898009B0613 /* PlayingWithiBecons.xcdatamodel */;
			path = PlayingWithiBecons.xcdatamodeld;
			sourceTree = "<group>";
			versionGroupType = wrapper.xcdatamodel;
		};
/* End XCVersionGroup section */
	};
	rootObject = 01A3B18C1E330892009B0613 /* Project object */;
}
